<?xml version="1.0" encoding="utf-8"?>
<Project ToolsVersion="4.0" xmlns="http://schemas.microsoft.com/developer/msbuild/2003">
  <ItemGroup>
    <Filter Include="Source Files">
      <UniqueIdentifier>{4FC737F1-C7A5-4376-A066-2A32D752A2FF}</UniqueIdentifier>
      <Extensions>cpp;c;cc;cxx;def;odl;idl;hpj;bat;asm;asmx</Extensions>
    </Filter>
    <Filter Include="Header Files">
      <UniqueIdentifier>{93995380-89BD-4b04-88EB-625FBE52EBFB}</UniqueIdentifier>
      <Extensions>h;hh;hpp;hxx;hm;inl;inc;ipp;xsd</Extensions>
    </Filter>
    <Filter Include="Resource Files">
      <UniqueIdentifier>{67DA6AB6-F800-4c08-8B7A-83BB121AAD01}</UniqueIdentifier>
      <Extensions>rc;ico;cur;bmp;dlg;rc2;rct;bin;rgs;gif;jpg;jpeg;jpe;resx;tiff;tif;png;wav;mfcribbon-ms</Extensions>
    </Filter>
  </ItemGroup>
  <ItemGroup>
    <ClCompile Include="DataStructure.cpp">
      <Filter>Source Files</Filter>
    </ClCompile>
    <ClCompile Include="Heap\DT_Heap.cpp">
      <Filter>Source Files</Filter>
    </ClCompile>
    <ClCompile Include="Pracs\Prac02\DataStructures\BST\BSTPrac02.cpp">
      <Filter>Source Files</Filter>
    </ClCompile>
    <ClCompile Include="Pracs\Prac02\DataStructures\BT\BTPrac02.cpp">
      <Filter>Source Files</Filter>
    </ClCompile>
    <ClCompile Include="Pracs\Prac02\DataStructures\Heap\HeapPrac02.cpp">
      <Filter>Source Files</Filter>
    </ClCompile>
    <ClCompile Include="Pracs\Prac02\DataStructures\Queue\QueuePrac02.cpp">
      <Filter>Source Files</Filter>
    </ClCompile>
    <ClCompile Include="Pracs\Prac02\DataStructures\Stack\SingleLinkedListStackPrac02.cpp">
      <Filter>Source Files</Filter>
    </ClCompile>
    <ClCompile Include="Pracs\Prac02\DataStructures\Stack\StackPrac02.cpp">
      <Filter>Source Files</Filter>
    </ClCompile>
    <ClCompile Include="Pracs\Prac02\Sort\BubbleSort\BubbleSortPrac02.cpp">
      <Filter>Source Files</Filter>
    </ClCompile>
    <ClCompile Include="Pracs\Prac02\Sort\InsertionSort\InsertionSortPrac02.cpp">
      <Filter>Source Files</Filter>
    </ClCompile>
    <ClCompile Include="Pracs\Prac02\Sort\MergeSort\MergeSortPrac02.cpp">
      <Filter>Source Files</Filter>
    </ClCompile>
    <ClCompile Include="Pracs\Prac02\Sort\QuickSort\QuickSortPrac02.cpp">
      <Filter>Source Files</Filter>
    </ClCompile>
    <ClCompile Include="Pracs\Prac02\Sort\SelectionSort\SelectionSortPrac02.cpp">
      <Filter>Source Files</Filter>
    </ClCompile>
    <ClCompile Include="Pracs\Prac03\DataStructures\BST\BSTPrac03.cpp">
      <Filter>Source Files</Filter>
    </ClCompile>
    <ClCompile Include="Pracs\Prac03\DataStructures\BT\BTPrac03.cpp">
      <Filter>Source Files</Filter>
    </ClCompile>
    <ClCompile Include="Pracs\Prac03\DataStructures\Heap\Heap03.cpp">
      <Filter>Source Files</Filter>
    </ClCompile>
    <ClCompile Include="Pracs\Prac03\DataStructures\Queue\QueuePrac03.cpp">
      <Filter>Source Files</Filter>
    </ClCompile>
    <ClCompile Include="Pracs\Prac03\DataStructures\Stack\StackPrac03.cpp">
      <Filter>Source Files</Filter>
    </ClCompile>
    <ClCompile Include="Pracs\Prac03\Sort\BubbleSort\BubblePrac03.cpp">
      <Filter>Source Files</Filter>
    </ClCompile>
    <ClCompile Include="Pracs\Prac03\Sort\InsertSort\InsertionSort03.cpp">
      <Filter>Source Files</Filter>
    </ClCompile>
    <ClCompile Include="Pracs\Prac03\Sort\MergeSort\MergeSort03.cpp">
      <Filter>Source Files</Filter>
    </ClCompile>
    <ClCompile Include="Pracs\Prac03\Sort\QuickSort\QuickSort03.cpp">
      <Filter>Source Files</Filter>
    </ClCompile>
    <ClCompile Include="Pracs\Prac03\Sort\SelectionSort\SelectionSort03.cpp">
      <Filter>Source Files</Filter>
    </ClCompile>
    <ClCompile Include="Pracs\Prac04\DataStructures\BST\BST04.cpp">
      <Filter>Source Files</Filter>
    </ClCompile>
    <ClCompile Include="Pracs\Prac04\DataStructures\BT\BT04.cpp">
      <Filter>Source Files</Filter>
    </ClCompile>
    <ClCompile Include="Pracs\Prac04\DataStructures\Heap\Heap04.cpp">
      <Filter>Source Files</Filter>
    </ClCompile>
    <ClCompile Include="Pracs\Prac04\DataStructures\Queue\Queue04.cpp">
      <Filter>Source Files</Filter>
    </ClCompile>
    <ClCompile Include="Pracs\Prac04\DataStructures\Stack\Stack04.cpp">
      <Filter>Source Files</Filter>
    </ClCompile>
    <ClCompile Include="Pracs\Prac04\Sort\BubbleSort\BubbleSort04.cpp">
      <Filter>Source Files</Filter>
    </ClCompile>
    <ClCompile Include="Pracs\Prac04\Sort\InsertSort\InsertionSort.cpp">
      <Filter>Source Files</Filter>
    </ClCompile>
    <ClCompile Include="Pracs\Prac04\Sort\MergeSort\MergeSort04.cpp">
      <Filter>Source Files</Filter>
    </ClCompile>
    <ClCompile Include="Pracs\Prac04\Sort\QuickSort\QuickSort04.cpp">
      <Filter>Source Files</Filter>
    </ClCompile>
    <ClCompile Include="Pracs\Prac04\Sort\SelectionSort\SelectionSort04.cpp">
      <Filter>Source Files</Filter>
    </ClCompile>
    <ClCompile Include="Pracs\Prac05\DataStructures\BST\BST05.cpp">
      <Filter>Source Files</Filter>
    </ClCompile>
    <ClCompile Include="Pracs\Prac05\DataStructures\Heap\Heap05.cpp">
      <Filter>Source Files</Filter>
    </ClCompile>
    <ClCompile Include="Pracs\Prac05\DataStructures\Queue\Queue05.cpp">
      <Filter>Source Files</Filter>
    </ClCompile>
    <ClCompile Include="Pracs\Prac05\DataStructures\Stack\Stack05.cpp">
      <Filter>Source Files</Filter>
    </ClCompile>
    <ClCompile Include="Pracs\Prac05\Sort\BubbleSort\Bubble05.cpp">
      <Filter>Source Files</Filter>
    </ClCompile>
    <ClCompile Include="Pracs\Prac05\Sort\InsertSort\InsertSort.cpp">
      <Filter>Source Files</Filter>
    </ClCompile>
    <ClCompile Include="Pracs\Prac05\Sort\MergeSort\MergeSort05.cpp">
      <Filter>Source Files</Filter>
    </ClCompile>
    <ClCompile Include="Pracs\Prac05\Sort\QuickSort\QuickSort05.cpp">
      <Filter>Source Files</Filter>
    </ClCompile>
    <ClCompile Include="Pracs\Prac05\Sort\SelectionSort\SelectionSort05.cpp">
      <Filter>Source Files</Filter>
    </ClCompile>
    <ClCompile Include="Pracs\Prac06\DataStructures\BST\BST06.cpp">
      <Filter>Source Files</Filter>
    </ClCompile>
    <ClCompile Include="Pracs\Prac06\DataStructures\Heap\Heap06.cpp">
      <Filter>Source Files</Filter>
    </ClCompile>
    <ClCompile Include="Pracs\Prac06\DataStructures\Queue\Queue06.cpp">
      <Filter>Source Files</Filter>
    </ClCompile>
    <ClCompile Include="Pracs\Prac06\DataStructures\Stack\Stack06.cpp">
      <Filter>Source Files</Filter>
    </ClCompile>
    <ClCompile Include="Pracs\Prac06\Sort\BubbleSort\Bubble06.cpp">
      <Filter>Source Files</Filter>
    </ClCompile>
    <ClCompile Include="Pracs\Prac06\Sort\InsertSort\InsertionSort.cpp">
      <Filter>Source Files</Filter>
    </ClCompile>
    <ClCompile Include="Pracs\Prac06\Sort\MergeSort\MergeSort.cpp">
      <Filter>Source Files</Filter>
    </ClCompile>
    <ClCompile Include="Pracs\Prac06\Sort\QuickSort\Quick06.cpp">
      <Filter>Source Files</Filter>
    </ClCompile>
    <ClCompile Include="Pracs\Prac06\Sort\SelectionSort\SelectionSort06.cpp">
      <Filter>Source Files</Filter>
    </ClCompile>
    <ClCompile Include="Pracs\Prac07\DataStructures\BST\BST07.cpp">
      <Filter>Source Files</Filter>
    </ClCompile>
    <ClCompile Include="Pracs\Prac07\DataStructures\Heap\Heap07.cpp">
      <Filter>Source Files</Filter>
    </ClCompile>
    <ClCompile Include="Pracs\Prac07\DataStructures\Queue\Queue07.cpp">
      <Filter>Source Files</Filter>
    </ClCompile>
    <ClCompile Include="Pracs\Prac07\DataStructures\Stack\Stack07.cpp">
      <Filter>Source Files</Filter>
    </ClCompile>
    <ClCompile Include="Pracs\Prac07\Sort\BubbleSort\BubbleSort07.cpp">
      <Filter>Source Files</Filter>
    </ClCompile>
    <ClCompile Include="Pracs\Prac07\Sort\InsertSort\InsertionSort07.cpp">
      <Filter>Source Files</Filter>
    </ClCompile>
    <ClCompile Include="Pracs\Prac07\Sort\MergeSort\MergeSort07.cpp">
      <Filter>Source Files</Filter>
    </ClCompile>
    <ClCompile Include="Pracs\Prac07\Sort\QuickSort\QuickSort07.cpp">
      <Filter>Source Files</Filter>
    </ClCompile>
    <ClCompile Include="Pracs\Prac07\Sort\SelectionSort\SelectionSort.cpp">
      <Filter>Source Files</Filter>
    </ClCompile>
    <ClCompile Include="Pracs\Prac08\DataStructures\BST\BST08.cpp">
      <Filter>Source Files</Filter>
    </ClCompile>
    <ClCompile Include="Pracs\Prac08\DataStructures\Heap\Heap08.cpp">
      <Filter>Source Files</Filter>
    </ClCompile>
    <ClCompile Include="Pracs\Prac08\DataStructures\Queue\Queue08.cpp">
      <Filter>Source Files</Filter>
    </ClCompile>
    <ClCompile Include="Pracs\Prac08\DataStructures\Stack\Stack08.cpp">
      <Filter>Source Files</Filter>
    </ClCompile>
    <ClCompile Include="Pracs\Prac08\Sort\BubbleSort\Bubble08.cpp">
      <Filter>Source Files</Filter>
    </ClCompile>
    <ClCompile Include="Pracs\Prac08\Sort\InsertSort\Insertion08.cpp">
      <Filter>Source Files</Filter>
    </ClCompile>
    <ClCompile Include="Pracs\Prac08\Sort\MergeSort\Merge08.cpp">
      <Filter>Source Files</Filter>
    </ClCompile>
    <ClCompile Include="Pracs\Prac08\Sort\QuickSort\Quick08.cpp">
      <Filter>Source Files</Filter>
    </ClCompile>
    <ClCompile Include="Pracs\Prac08\Sort\SelectionSort\Selection08.cpp">
      <Filter>Source Files</Filter>
    </ClCompile>
    <ClCompile Include="Pracs\Prac09\DataStructures\BST\BST09.cpp">
      <Filter>Source Files</Filter>
    </ClCompile>
    <ClCompile Include="Pracs\Prac09\DataStructures\HashTable\HashTable09.cpp">
      <Filter>Source Files</Filter>
    </ClCompile>
    <ClCompile Include="Pracs\Prac09\DataStructures\Heap\Heap09.cpp">
      <Filter>Source Files</Filter>
    </ClCompile>
    <ClCompile Include="Pracs\Prac09\DataStructures\Queue\Queue09.cpp">
      <Filter>Source Files</Filter>
    </ClCompile>
    <ClCompile Include="Pracs\Prac09\DataStructures\Stack\Stack09.cpp">
      <Filter>Source Files</Filter>
    </ClCompile>
    <ClCompile Include="Pracs\Prac09\Sort\BubbleSort\BubbleSort09.cpp">
      <Filter>Source Files</Filter>
    </ClCompile>
    <ClCompile Include="Pracs\Prac09\Sort\InsertSort\InsertionSort09.cpp">
      <Filter>Source Files</Filter>
    </ClCompile>
    <ClCompile Include="Pracs\Prac09\Sort\MergeSort\MergeSort09.cpp">
      <Filter>Source Files</Filter>
    </ClCompile>
    <ClCompile Include="Pracs\Prac09\Sort\QuickSort\Quick09.cpp">
      <Filter>Source Files</Filter>
    </ClCompile>
    <ClCompile Include="Pracs\Prac09\Sort\SelectionSort\SelectionSort09.cpp">
      <Filter>Source Files</Filter>
    </ClCompile>
    <ClCompile Include="Pracs\Prac10\DataStructures\BST\BST10.cpp">
      <Filter>Source Files</Filter>
    </ClCompile>
    <ClCompile Include="Pracs\Prac10\DataStructures\HashTable\HashTable10.cpp">
      <Filter>Source Files</Filter>
    </ClCompile>
    <ClCompile Include="Pracs\Prac10\DataStructures\Heap\Heap10.cpp">
      <Filter>Source Files</Filter>
    </ClCompile>
    <ClCompile Include="Pracs\Prac10\DataStructures\Queue\Queue10.cpp">
      <Filter>Source Files</Filter>
    </ClCompile>
    <ClCompile Include="Pracs\Prac10\DataStructures\Stack\Stack10.cpp">
      <Filter>Source Files</Filter>
    </ClCompile>
    <ClCompile Include="Pracs\Prac10\Sort\BubbleSort\BubbleSort10.cpp">
      <Filter>Source Files</Filter>
    </ClCompile>
    <ClCompile Include="Pracs\Prac10\Sort\InsertSort\InsertionSort10.cpp">
      <Filter>Source Files</Filter>
    </ClCompile>
    <ClCompile Include="Pracs\Prac10\Sort\MergeSort\MergeSort10.cpp">
      <Filter>Source Files</Filter>
    </ClCompile>
    <ClCompile Include="Pracs\Prac10\Sort\QuickSort\QuickSort10.cpp">
      <Filter>Source Files</Filter>
    </ClCompile>
    <ClCompile Include="Pracs\Prac10\Sort\SelectionSort\SelectionSort10.cpp">
      <Filter>Source Files</Filter>
    </ClCompile>
    <ClCompile Include="Pracs\Prac11\DataStructures\BST\BST11.cpp">
      <Filter>Source Files</Filter>
    </ClCompile>
    <ClCompile Include="Pracs\Prac11\DataStructures\HashTable\HashTable11.cpp">
      <Filter>Source Files</Filter>
    </ClCompile>
    <ClCompile Include="Pracs\Prac11\DataStructures\Heap\Heap11.cpp">
      <Filter>Source Files</Filter>
    </ClCompile>
    <ClCompile Include="Pracs\Prac11\DataStructures\Queue\Queue11.cpp">
      <Filter>Source Files</Filter>
    </ClCompile>
    <ClCompile Include="Pracs\Prac11\DataStructures\Stack\Stack11.cpp">
      <Filter>Source Files</Filter>
    </ClCompile>
    <ClCompile Include="Pracs\Prac11\Sort\BubbleSort\BubbleSort11.cpp">
      <Filter>Source Files</Filter>
    </ClCompile>
    <ClCompile Include="Pracs\Prac11\Sort\InsertSort\InsertionSort11.cpp">
      <Filter>Source Files</Filter>
    </ClCompile>
    <ClCompile Include="Pracs\Prac11\Sort\MergeSort\Merge11.cpp">
      <Filter>Source Files</Filter>
    </ClCompile>
    <ClCompile Include="Pracs\Prac11\Sort\QuickSort\Quick11.cpp">
      <Filter>Source Files</Filter>
    </ClCompile>
    <ClCompile Include="Pracs\Prac11\Sort\SelectionSort\Selection11.cpp">
      <Filter>Source Files</Filter>
    </ClCompile>
    <ClCompile Include="Queue\DT_CycleQueue.cpp">
      <Filter>Source Files</Filter>
    </ClCompile>
    <ClCompile Include="Queue\DT_LinearQueue.cpp">
      <Filter>Source Files</Filter>
    </ClCompile>
    <ClCompile Include="Queue\DT_SLLQueue.cpp">
      <Filter>Source Files</Filter>
    </ClCompile>
    <ClCompile Include="Sort\BubleSort\DT_BubbleSort.cpp">
      <Filter>Source Files</Filter>
    </ClCompile>
    <ClCompile Include="Sort\InsertionSort\DT_InsertionSort.cpp">
      <Filter>Source Files</Filter>
    </ClCompile>
    <ClCompile Include="Sort\MergeSort\DT_MergeSort.cpp">
      <Filter>Source Files</Filter>
    </ClCompile>
    <ClCompile Include="Sort\QuickSort\DT_Quick.cpp">
      <Filter>Source Files</Filter>
    </ClCompile>
    <ClCompile Include="Sort\SelectSort\DT_SelectSort.cpp">
      <Filter>Source Files</Filter>
    </ClCompile>
    <ClCompile Include="Stack\DTA_ChangePostfix.cpp">
      <Filter>Source Files</Filter>
    </ClCompile>
    <ClCompile Include="Stack\DTA_CheckSymbolPair.cpp">
      <Filter>Source Files</Filter>
    </ClCompile>
    <ClCompile Include="Stack\DTA_CalcPostfix.cpp">
      <Filter>Source Files</Filter>
    </ClCompile>
    <ClCompile Include="Stack\DT_LLStack.cpp">
      <Filter>Source Files</Filter>
    </ClCompile>
    <ClCompile Include="Stack\DT_Stack.cpp">
      <Filter>Source Files</Filter>
    </ClCompile>
    <ClCompile Include="Tree\DT_BinarySearchTree.cpp">
      <Filter>Source Files</Filter>
    </ClCompile>
    <ClCompile Include="Tree\DT_CalcFolderSize.cpp">
      <Filter>Source Files</Filter>
    </ClCompile>
    <ClCompile Include="Tree\DT_OrderTree.cpp">
      <Filter>Source Files</Filter>
    </ClCompile>
    <ClCompile Include="Pracs\Prac12\DataStructures\Stack\Stack12.cpp">
      <Filter>Source Files</Filter>
    </ClCompile>
    <ClCompile Include="Pracs\Prac12\DataStructures\Queue\Queue12.cpp">
      <Filter>Source Files</Filter>
    </ClCompile>
    <ClCompile Include="Pracs\Prac12\DataStructures\Heap\Heap12.cpp">
      <Filter>Source Files</Filter>
    </ClCompile>
    <ClCompile Include="Pracs\Prac12\DataStructures\BST\BST12.cpp">
      <Filter>Source Files</Filter>
    </ClCompile>
    <ClCompile Include="Pracs\Prac12\DataStructures\HashTable\HashTable12.cpp">
      <Filter>Source Files</Filter>
    </ClCompile>
    <ClCompile Include="Pracs\Prac12\Sort\BubbleSort\Bubble12.cpp">
      <Filter>Source Files</Filter>
    </ClCompile>
    <ClCompile Include="Pracs\Prac12\Sort\InsertSort\Insertion12.cpp">
      <Filter>Source Files</Filter>
    </ClCompile>
    <ClCompile Include="Pracs\Prac12\Sort\SelectionSort\Selection12.cpp">
      <Filter>Source Files</Filter>
    </ClCompile>
    <ClCompile Include="Pracs\Prac12\Sort\MergeSort\Merge12.cpp">
      <Filter>Source Files</Filter>
    </ClCompile>
    <ClCompile Include="Pracs\Prac12\Sort\QuickSort\Quick12.cpp">
      <Filter>Source Files</Filter>
    </ClCompile>
  </ItemGroup>
  <ItemGroup>
    <ClInclude Include="Heap\DT_Heap.h">
      <Filter>Header Files</Filter>
    </ClInclude>
    <ClInclude Include="Pracs\Prac02\DataStructures\BST\BSTPrac02.h">
      <Filter>Header Files</Filter>
    </ClInclude>
    <ClInclude Include="Pracs\Prac02\DataStructures\BT\BTPrac02.h">
      <Filter>Header Files</Filter>
    </ClInclude>
    <ClInclude Include="Pracs\Prac02\DataStructures\Heap\HeapPrac02.h">
      <Filter>Header Files</Filter>
    </ClInclude>
    <ClInclude Include="Pracs\Prac02\DataStructures\Queue\QueuePrac02.h">
      <Filter>Header Files</Filter>
    </ClInclude>
    <ClInclude Include="Pracs\Prac02\DataStructures\Stack\SingleLinkedListStackPrac02.h">
      <Filter>Header Files</Filter>
    </ClInclude>
    <ClInclude Include="Pracs\Prac02\DataStructures\Stack\StackPrac02.h">
      <Filter>Header Files</Filter>
    </ClInclude>
    <ClInclude Include="Pracs\Prac02\Sort\BubbleSort\BubbleSortPrac02.h">
      <Filter>Header Files</Filter>
    </ClInclude>
    <ClInclude Include="Pracs\Prac02\Sort\InsertionSort\InsertionSortPrac02.h">
      <Filter>Header Files</Filter>
    </ClInclude>
    <ClInclude Include="Pracs\Prac02\Sort\MergeSort\MergeSortPrac02.h">
      <Filter>Header Files</Filter>
    </ClInclude>
    <ClInclude Include="Pracs\Prac02\Sort\QuickSort\QuickSortPrac02.h">
      <Filter>Header Files</Filter>
    </ClInclude>
    <ClInclude Include="Pracs\Prac02\Sort\SelectionSort\SelectionSortPrac02.h">
      <Filter>Header Files</Filter>
    </ClInclude>
    <ClInclude Include="Pracs\Prac03\DataStructures\BST\BSTPrac03.h">
      <Filter>Header Files</Filter>
    </ClInclude>
    <ClInclude Include="Pracs\Prac03\DataStructures\BT\BTPrac03.h">
      <Filter>Header Files</Filter>
    </ClInclude>
    <ClInclude Include="Pracs\Prac03\DataStructures\Heap\Heap03.h">
      <Filter>Header Files</Filter>
    </ClInclude>
    <ClInclude Include="Pracs\Prac03\DataStructures\Queue\QueuePrac03.h">
      <Filter>Header Files</Filter>
    </ClInclude>
    <ClInclude Include="Pracs\Prac03\DataStructures\Stack\StackPrac03.h">
      <Filter>Header Files</Filter>
    </ClInclude>
    <ClInclude Include="Pracs\Prac03\Sort\BubbleSort\BubblePrac03.h">
      <Filter>Header Files</Filter>
    </ClInclude>
    <ClInclude Include="Pracs\Prac03\Sort\InsertSort\InsertionSort03.h">
      <Filter>Header Files</Filter>
    </ClInclude>
    <ClInclude Include="Pracs\Prac03\Sort\MergeSort\MergeSort03.h">
      <Filter>Header Files</Filter>
    </ClInclude>
    <ClInclude Include="Pracs\Prac03\Sort\QuickSort\QuickSort03.h">
      <Filter>Header Files</Filter>
    </ClInclude>
    <ClInclude Include="Pracs\Prac03\Sort\SelectionSort\SelectionSort03.h">
      <Filter>Header Files</Filter>
    </ClInclude>
    <ClInclude Include="Pracs\Prac04\DataStructures\BST\BST04.h">
      <Filter>Header Files</Filter>
    </ClInclude>
    <ClInclude Include="Pracs\Prac04\DataStructures\BT\BT04.h">
      <Filter>Header Files</Filter>
    </ClInclude>
    <ClInclude Include="Pracs\Prac04\DataStructures\Heap\Heap04.h">
      <Filter>Header Files</Filter>
    </ClInclude>
    <ClInclude Include="Pracs\Prac04\DataStructures\Queue\Queue04.h">
      <Filter>Header Files</Filter>
    </ClInclude>
    <ClInclude Include="Pracs\Prac04\DataStructures\Stack\Stack04.h">
      <Filter>Header Files</Filter>
    </ClInclude>
    <ClInclude Include="Pracs\Prac04\Sort\BubbleSort\BubbleSort04.h">
      <Filter>Header Files</Filter>
    </ClInclude>
    <ClInclude Include="Pracs\Prac04\Sort\InsertSort\InsertionSort.h">
      <Filter>Header Files</Filter>
    </ClInclude>
    <ClInclude Include="Pracs\Prac04\Sort\MergeSort\MergeSort04.h">
      <Filter>Header Files</Filter>
    </ClInclude>
    <ClInclude Include="Pracs\Prac04\Sort\QuickSort\QuickSort04.h">
      <Filter>Header Files</Filter>
    </ClInclude>
    <ClInclude Include="Pracs\Prac04\Sort\SelectionSort\SelectionSort04.h">
      <Filter>Header Files</Filter>
    </ClInclude>
    <ClInclude Include="Pracs\Prac05\DataStructures\BST\BST05.h">
      <Filter>Header Files</Filter>
    </ClInclude>
    <ClInclude Include="Pracs\Prac05\DataStructures\Heap\Heap05.h">
      <Filter>Header Files</Filter>
    </ClInclude>
    <ClInclude Include="Pracs\Prac05\DataStructures\Queue\Queue05.h">
      <Filter>Header Files</Filter>
    </ClInclude>
    <ClInclude Include="Pracs\Prac05\DataStructures\Stack\Stack05.h">
      <Filter>Header Files</Filter>
    </ClInclude>
    <ClInclude Include="Pracs\Prac05\Sort\BubbleSort\Bubble05.h">
      <Filter>Header Files</Filter>
    </ClInclude>
    <ClInclude Include="Pracs\Prac05\Sort\InsertSort\InsertSort.h">
      <Filter>Header Files</Filter>
    </ClInclude>
    <ClInclude Include="Pracs\Prac05\Sort\MergeSort\MergeSort05.h">
      <Filter>Header Files</Filter>
    </ClInclude>
    <ClInclude Include="Pracs\Prac05\Sort\QuickSort\QuickSort05.h">
      <Filter>Header Files</Filter>
    </ClInclude>
    <ClInclude Include="Pracs\Prac05\Sort\SelectionSort\SelectionSort05.h">
      <Filter>Header Files</Filter>
    </ClInclude>
    <ClInclude Include="Pracs\Prac06\DataStructures\BST\BST06.h">
      <Filter>Header Files</Filter>
    </ClInclude>
    <ClInclude Include="Pracs\Prac06\DataStructures\Heap\Heap06.h">
      <Filter>Header Files</Filter>
    </ClInclude>
    <ClInclude Include="Pracs\Prac06\DataStructures\Queue\Queue06.h">
      <Filter>Header Files</Filter>
    </ClInclude>
    <ClInclude Include="Pracs\Prac06\DataStructures\Stack\Stack06.h">
      <Filter>Header Files</Filter>
    </ClInclude>
    <ClInclude Include="Pracs\Prac06\Sort\BubbleSort\Bubble06.h">
      <Filter>Header Files</Filter>
    </ClInclude>
    <ClInclude Include="Pracs\Prac06\Sort\InsertSort\InsertionSort.h">
      <Filter>Header Files</Filter>
    </ClInclude>
    <ClInclude Include="Pracs\Prac06\Sort\MergeSort\MergeSort.h">
      <Filter>Header Files</Filter>
    </ClInclude>
    <ClInclude Include="Pracs\Prac06\Sort\QuickSort\Quick06.h">
      <Filter>Header Files</Filter>
    </ClInclude>
    <ClInclude Include="Pracs\Prac06\Sort\SelectionSort\SelectionSort06.h">
      <Filter>Header Files</Filter>
    </ClInclude>
    <ClInclude Include="Pracs\Prac07\DataStructures\BST\BST07.h">
      <Filter>Header Files</Filter>
    </ClInclude>
    <ClInclude Include="Pracs\Prac07\DataStructures\Heap\Heap07.h">
      <Filter>Header Files</Filter>
    </ClInclude>
    <ClInclude Include="Pracs\Prac07\DataStructures\Queue\Queue07.h">
      <Filter>Header Files</Filter>
    </ClInclude>
    <ClInclude Include="Pracs\Prac07\DataStructures\Stack\Stack07.h">
      <Filter>Header Files</Filter>
    </ClInclude>
    <ClInclude Include="Pracs\Prac07\Sort\BubbleSort\BubbleSort07.h">
      <Filter>Header Files</Filter>
    </ClInclude>
    <ClInclude Include="Pracs\Prac07\Sort\InsertSort\InsertionSort07.h">
      <Filter>Header Files</Filter>
    </ClInclude>
    <ClInclude Include="Pracs\Prac07\Sort\MergeSort\MergeSort07.h">
      <Filter>Header Files</Filter>
    </ClInclude>
    <ClInclude Include="Pracs\Prac07\Sort\QuickSort\QuickSort07.h">
      <Filter>Header Files</Filter>
    </ClInclude>
    <ClInclude Include="Pracs\Prac07\Sort\SelectionSort\SelectionSort.h">
      <Filter>Header Files</Filter>
    </ClInclude>
    <ClInclude Include="Pracs\Prac08\DataStructures\BST\BST08.h">
      <Filter>Header Files</Filter>
    </ClInclude>
    <ClInclude Include="Pracs\Prac08\DataStructures\Heap\Heap08.h">
      <Filter>Header Files</Filter>
    </ClInclude>
    <ClInclude Include="Pracs\Prac08\DataStructures\Queue\Queue08.h">
      <Filter>Header Files</Filter>
    </ClInclude>
    <ClInclude Include="Pracs\Prac08\DataStructures\Stack\Stack08.h">
      <Filter>Header Files</Filter>
    </ClInclude>
    <ClInclude Include="Pracs\Prac08\Sort\BubbleSort\Bubble08.h">
      <Filter>Header Files</Filter>
    </ClInclude>
    <ClInclude Include="Pracs\Prac08\Sort\InsertSort\Insertion08.h">
      <Filter>Header Files</Filter>
    </ClInclude>
    <ClInclude Include="Pracs\Prac08\Sort\MergeSort\Merge08.h">
      <Filter>Header Files</Filter>
    </ClInclude>
    <ClInclude Include="Pracs\Prac08\Sort\QuickSort\Quick08.h">
      <Filter>Header Files</Filter>
    </ClInclude>
    <ClInclude Include="Pracs\Prac08\Sort\SelectionSort\Selection08.h">
      <Filter>Header Files</Filter>
    </ClInclude>
    <ClInclude Include="Pracs\Prac09\DataStructures\BST\BST09.h">
      <Filter>Header Files</Filter>
    </ClInclude>
    <ClInclude Include="Pracs\Prac09\DataStructures\HashTable\HashTable09.h">
      <Filter>Header Files</Filter>
    </ClInclude>
    <ClInclude Include="Pracs\Prac09\DataStructures\Heap\Heap09.h">
      <Filter>Header Files</Filter>
    </ClInclude>
    <ClInclude Include="Pracs\Prac09\DataStructures\Queue\Queue09.h">
      <Filter>Header Files</Filter>
    </ClInclude>
    <ClInclude Include="Pracs\Prac09\DataStructures\Stack\Stack09.h">
      <Filter>Header Files</Filter>
    </ClInclude>
    <ClInclude Include="Pracs\Prac09\Sort\BubbleSort\BubbleSort09.h">
      <Filter>Header Files</Filter>
    </ClInclude>
    <ClInclude Include="Pracs\Prac09\Sort\InsertSort\InsertionSort09.h">
      <Filter>Header Files</Filter>
    </ClInclude>
    <ClInclude Include="Pracs\Prac09\Sort\MergeSort\MergeSort09.h">
      <Filter>Header Files</Filter>
    </ClInclude>
    <ClInclude Include="Pracs\Prac09\Sort\QuickSort\Quick09.h">
      <Filter>Header Files</Filter>
    </ClInclude>
    <ClInclude Include="Pracs\Prac09\Sort\SelectionSort\SelectionSort09.h">
      <Filter>Header Files</Filter>
    </ClInclude>
    <ClInclude Include="Pracs\Prac10\DataStructures\BST\BST10.h">
      <Filter>Header Files</Filter>
    </ClInclude>
    <ClInclude Include="Pracs\Prac10\DataStructures\HashTable\HashTable10.h">
      <Filter>Header Files</Filter>
    </ClInclude>
    <ClInclude Include="Pracs\Prac10\DataStructures\Heap\Heap10.h">
      <Filter>Header Files</Filter>
    </ClInclude>
    <ClInclude Include="Pracs\Prac10\DataStructures\Queue\Queue10.h">
      <Filter>Header Files</Filter>
    </ClInclude>
    <ClInclude Include="Pracs\Prac10\DataStructures\Stack\Stack10.h">
      <Filter>Header Files</Filter>
    </ClInclude>
    <ClInclude Include="Pracs\Prac10\Sort\BubbleSort\BubbleSort10.h">
      <Filter>Header Files</Filter>
    </ClInclude>
    <ClInclude Include="Pracs\Prac10\Sort\InsertSort\InsertionSort10.h">
      <Filter>Header Files</Filter>
    </ClInclude>
    <ClInclude Include="Pracs\Prac10\Sort\MergeSort\MergeSort10.h">
      <Filter>Header Files</Filter>
    </ClInclude>
    <ClInclude Include="Pracs\Prac10\Sort\QuickSort\QuickSort10.h">
      <Filter>Header Files</Filter>
    </ClInclude>
    <ClInclude Include="Pracs\Prac10\Sort\SelectionSort\SelectionSort10.h">
      <Filter>Header Files</Filter>
    </ClInclude>
    <ClInclude Include="Pracs\Prac11\DataStructures\BST\BST11.h">
      <Filter>Header Files</Filter>
    </ClInclude>
    <ClInclude Include="Pracs\Prac11\DataStructures\HashTable\HashTable11.h">
      <Filter>Header Files</Filter>
    </ClInclude>
    <ClInclude Include="Pracs\Prac11\DataStructures\Heap\Heap11.h">
      <Filter>Header Files</Filter>
    </ClInclude>
    <ClInclude Include="Pracs\Prac11\DataStructures\Queue\Queue11.h">
      <Filter>Header Files</Filter>
    </ClInclude>
    <ClInclude Include="Pracs\Prac11\DataStructures\Stack\Stack11.h">
      <Filter>Header Files</Filter>
    </ClInclude>
    <ClInclude Include="Pracs\Prac11\Sort\BubbleSort\BubbleSort11.h">
      <Filter>Header Files</Filter>
    </ClInclude>
    <ClInclude Include="Pracs\Prac11\Sort\InsertSort\InsertionSort11.h">
      <Filter>Header Files</Filter>
    </ClInclude>
    <ClInclude Include="Pracs\Prac11\Sort\MergeSort\Merge11.h">
      <Filter>Header Files</Filter>
    </ClInclude>
    <ClInclude Include="Pracs\Prac11\Sort\QuickSort\Quick11.h">
      <Filter>Header Files</Filter>
    </ClInclude>
    <ClInclude Include="Pracs\Prac11\Sort\SelectionSort\Selection11.h">
      <Filter>Header Files</Filter>
    </ClInclude>
    <ClInclude Include="Queue\DT_CycleQueue.h">
      <Filter>Header Files</Filter>
    </ClInclude>
    <ClInclude Include="Queue\DT_LinearQueue.h">
      <Filter>Header Files</Filter>
    </ClInclude>
    <ClInclude Include="Queue\DT_SLLQueue.h">
      <Filter>Header Files</Filter>
    </ClInclude>
    <ClInclude Include="Sort\BubleSort\DT_BubbleSort.h">
      <Filter>Header Files</Filter>
    </ClInclude>
    <ClInclude Include="Sort\InsertionSort\DT_InsertionSort.h">
      <Filter>Header Files</Filter>
    </ClInclude>
    <ClInclude Include="Sort\MergeSort\DT_MergeSort.h">
      <Filter>Header Files</Filter>
    </ClInclude>
    <ClInclude Include="Sort\QuickSort\DT_Quick.h">
      <Filter>Header Files</Filter>
    </ClInclude>
    <ClInclude Include="Sort\SelectSort\DT_SelectSort.h">
      <Filter>Header Files</Filter>
    </ClInclude>
    <ClInclude Include="Stack\DTA_ChangePostfix.h">
      <Filter>Header Files</Filter>
    </ClInclude>
    <ClInclude Include="Stack\DTA_CheckSymbolPair.h">
      <Filter>Header Files</Filter>
    </ClInclude>
    <ClInclude Include="Stack\DTA_CalcPostfix.h">
      <Filter>Header Files</Filter>
    </ClInclude>
    <ClInclude Include="Stack\DT_LLStack.h">
      <Filter>Header Files</Filter>
    </ClInclude>
    <ClInclude Include="Stack\DT_Stack.h">
      <Filter>Header Files</Filter>
    </ClInclude>
    <ClInclude Include="Tree\DT_BinarySearchTree.h">
      <Filter>Header Files</Filter>
    </ClInclude>
    <ClInclude Include="Tree\DT_CalcFolderSize.h">
      <Filter>Header Files</Filter>
    </ClInclude>
    <ClInclude Include="Tree\DT_OrderTree.h">
      <Filter>Header Files</Filter>
    </ClInclude>
    <ClInclude Include="Pracs\Prac12\DataStructures\Stack\Stack12.h">
      <Filter>Header Files</Filter>
    </ClInclude>
    <ClInclude Include="Pracs\Prac12\DataStructures\Queue\Queue12.h">
      <Filter>Header Files</Filter>
    </ClInclude>
    <ClInclude Include="Pracs\Prac12\DataStructures\Heap\Heap12.h">
      <Filter>Header Files</Filter>
    </ClInclude>
    <ClInclude Include="Pracs\Prac12\DataStructures\BST\BST12.h">
      <Filter>Header Files</Filter>
    </ClInclude>
    <ClInclude Include="Pracs\Prac12\DataStructures\HashTable\HashTable12.h">
      <Filter>Header Files</Filter>
    </ClInclude>
    <ClInclude Include="Pracs\Prac12\Sort\BubbleSort\Bubble12.h">
      <Filter>Header Files</Filter>
    </ClInclude>
    <ClInclude Include="Pracs\Prac12\Sort\InsertSort\Insertion12.h">
      <Filter>Header Files</Filter>
    </ClInclude>
    <ClInclude Include="Pracs\Prac12\Sort\SelectionSort\Selection12.h">
      <Filter>Header Files</Filter>
    </ClInclude>
    <ClInclude Include="Pracs\Prac12\Sort\MergeSort\Merge12.h">
      <Filter>Header Files</Filter>
    </ClInclude>
    <ClInclude Include="Pracs\Prac12\Sort\QuickSort\Quick12.h">
      <Filter>Header Files</Filter>
    </ClInclude>
  </ItemGroup>
</Project>